{
  "name": "skylark-widgets-repeater",
  "version": "0.9.0",
  "lockfileVersion": 1,
  "requires": true,
  "dependencies": {
    "skylark-bootstrap3": {
      "version": "git+https://github.com/skylark-integration/skylark-bootstrap3.git#e1d228cddb523ab7d759636d3de4316c05219fde",
      "from": "git+https://github.com/skylark-integration/skylark-bootstrap3.git#master",
      "requires": {
        "skylark-domx-browser": "git+https://github.com/skylark-domx/skylark-domx-browser.git#master",
        "skylark-domx-data": "git+https://github.com/skylark-domx/skylark-domx-data.git#master",
        "skylark-domx-eventer": "git+https://github.com/skylark-domx/skylark-domx-eventer.git#master",
        "skylark-domx-geom": "git+https://github.com/skylark-domx/skylark-domx-geom.git#master",
        "skylark-domx-noder": "git+https://github.com/skylark-domx/skylark-domx-noder.git#master",
        "skylark-domx-plugins": "git+https://github.com/skylark-domx/skylark-domx-plugins.git#master",
        "skylark-domx-query": "git+https://github.com/skylark-domx/skylark-domx-query.git#master",
        "skylark-domx-velm": "git+https://github.com/skylark-domx/skylark-domx-velm.git#master",
        "skylark-langx": "git+https://github.com/skylarklangx/skylark-langx.git#master"
      }
    },
    "skylark-data-collection": {
      "version": "git+https://github.com/skylark-data/skylark-data-collection.git#565d84be679601a6e66f51c8706eab79fa1a38e0",
      "from": "git+https://github.com/skylark-data/skylark-data-collection.git#master"
    },
    "skylark-domx-browser": {
      "version": "git+https://github.com/skylark-domx/skylark-domx-browser.git#3ed8034f5b1c6d816dbdf0eeaab672a6093a15e6",
      "from": "git+https://github.com/skylark-domx/skylark-domx-browser.git#master",
      "requires": {
        "skylark-langx": "git+https://github.com/skylarklangx/skylark-langx.git#master"
      }
    },
    "skylark-domx-css": {
      "version": "git+https://github.com/skylark-domx/skylark-domx-css.git#b7b75e9280e4a34f61437112eb124636bab5d10c",
      "from": "git+https://github.com/skylark-domx/skylark-domx-css.git#master",
      "requires": {
        "skylark-domx-noder": "git+https://github.com/skylark-domx/skylark-domx-noder.git#master",
        "skylark-langx": "git+https://github.com/skylarklangx/skylark-langx.git#master"
      }
    },
    "skylark-domx-data": {
      "version": "git+https://github.com/skylark-domx/skylark-domx-data.git#c334621de88448f193e64a1069ff6656b03e942e",
      "from": "git+https://github.com/skylark-domx/skylark-domx-data.git#master",
      "requires": {
        "skylark-domx-finder": "git+https://github.com/skylark-domx/skylark-domx-finder.git#master",
        "skylark-domx-noder": "git+https://github.com/skylark-domx/skylark-domx-noder.git#master",
        "skylark-langx": "git+https://github.com/skylarklangx/skylark-langx.git#master"
      }
    },
    "skylark-domx-eventer": {
      "version": "git+https://github.com/skylark-domx/skylark-domx-eventer.git#47e39f9863b5eebe5c0991683569d8604531a9bf",
      "from": "git+https://github.com/skylark-domx/skylark-domx-eventer.git#master",
      "requires": {
        "skylark-domx-browser": "git+https://github.com/skylark-domx/skylark-domx-browser.git#master",
        "skylark-domx-data": "git+https://github.com/skylark-domx/skylark-domx-data.git#master",
        "skylark-domx-finder": "git+https://github.com/skylark-domx/skylark-domx-finder.git#master",
        "skylark-domx-noder": "git+https://github.com/skylark-domx/skylark-domx-noder.git#master",
        "skylark-langx": "git+https://github.com/skylarklangx/skylark-langx.git#master"
      }
    },
    "skylark-domx-finder": {
      "version": "git+https://github.com/skylark-domx/skylark-domx-finder.git#e4282e94503945f2abf76391699a12f92ca5cb98",
      "from": "git+https://github.com/skylark-domx/skylark-domx-finder.git#master",
      "requires": {
        "skylark-domx-browser": "git+https://github.com/skylark-domx/skylark-domx-browser.git#master",
        "skylark-domx-noder": "git+https://github.com/skylark-domx/skylark-domx-noder.git#master",
        "skylark-langx": "git+https://github.com/skylarklangx/skylark-langx.git#master"
      }
    },
    "skylark-domx-fx": {
      "version": "git+https://github.com/skylark-domx/skylark-domx-fx.git#13ef04c86855a2a0b935e2ae74cfcd9982e538c6",
      "from": "git+https://github.com/skylark-domx/skylark-domx-fx.git#master",
      "requires": {
        "skylark-domx-browser": "git+https://github.com/skylark-domx/skylark-domx-browser.git#master",
        "skylark-domx-eventer": "git+https://github.com/skylark-domx/skylark-domx-eventer.git#master",
        "skylark-domx-geom": "git+https://github.com/skylark-domx/skylark-domx-geom.git#master",
        "skylark-domx-styler": "git+https://github.com/skylark-domx/skylark-domx-styler.git#master",
        "skylark-langx": "git+https://github.com/skylarklangx/skylark-langx.git#master"
      }
    },
    "skylark-domx-geom": {
      "version": "git+https://github.com/skylark-domx/skylark-domx-geom.git#5f573bf0c69dfbe16fd183fdd59c56a64fa2d35b",
      "from": "git+https://github.com/skylark-domx/skylark-domx-geom.git#master",
      "requires": {
        "skylark-domx-noder": "git+https://github.com/skylark-domx/skylark-domx-noder.git#master",
        "skylark-domx-styler": "git+https://github.com/skylark-domx/skylark-domx-styler.git#master",
        "skylark-langx": "git+https://github.com/skylarklangx/skylark-langx.git#master"
      }
    },
    "skylark-domx-images": {
      "version": "git+https://github.com/skylark-domx/skylark-domx-images.git#d39a90d9649dad4af5fd1bcbb50eca91844de828",
      "from": "git+https://github.com/skylark-domx/skylark-domx-images.git#master",
      "requires": {
        "skylark-domx-data": "git+https://github.com/skylark-domx/skylark-domx-data.git#master",
        "skylark-domx-eventer": "git+https://github.com/skylark-domx/skylark-domx-eventer.git#master",
        "skylark-domx-finder": "git+https://github.com/skylark-domx/skylark-domx-finder.git#master",
        "skylark-domx-geom": "git+https://github.com/skylark-domx/skylark-domx-geom.git#master",
        "skylark-domx-noder": "git+https://github.com/skylark-domx/skylark-domx-noder.git#master",
        "skylark-domx-query": "git+https://github.com/skylark-domx/skylark-domx-query.git#master",
        "skylark-domx-styler": "git+https://github.com/skylark-domx/skylark-domx-styler.git#master",
        "skylark-domx-transforms": "git+https://github.com/skylark-domx/skylark-domx-transforms.git#master",
        "skylark-langx": "git+https://github.com/skylarklangx/skylark-langx.git#master"
      }
    },
    "skylark-domx-noder": {
      "version": "git+https://github.com/skylark-domx/skylark-domx-noder.git#9bae14568bd71fbf8ac3d33df65569aa487d0eeb",
      "from": "git+https://github.com/skylark-domx/skylark-domx-noder.git#master",
      "requires": {
        "skylark-domx-browser": "git+https://github.com/skylark-domx/skylark-domx-browser.git#master",
        "skylark-domx-styler": "git+https://github.com/skylark-domx/skylark-domx-styler.git#master",
        "skylark-langx": "git+https://github.com/skylarklangx/skylark-langx.git#master"
      }
    },
    "skylark-domx-plugins": {
      "version": "git+https://github.com/skylark-domx/skylark-domx-plugins.git#4ce3b734068faece2ae48ebd4b75fba41b6bc498",
      "from": "git+https://github.com/skylark-domx/skylark-domx-plugins.git#master",
      "requires": {
        "skylark-domx-data": "git+https://github.com/skylark-domx/skylark-domx-data.git#master",
        "skylark-domx-eventer": "git+https://github.com/skylark-domx/skylark-domx-eventer.git#master",
        "skylark-domx-finder": "git+https://github.com/skylark-domx/skylark-domx-finder.git#master",
        "skylark-domx-fx": "git+https://github.com/skylark-domx/skylark-domx-fx.git#master",
        "skylark-domx-geom": "git+https://github.com/skylark-domx/skylark-domx-geom.git#master",
        "skylark-domx-noder": "git+https://github.com/skylark-domx/skylark-domx-noder.git#master",
        "skylark-domx-query": "git+https://github.com/skylark-domx/skylark-domx-query.git#master",
        "skylark-domx-styler": "git+https://github.com/skylark-domx/skylark-domx-styler.git#master",
        "skylark-domx-velm": "git+https://github.com/skylark-domx/skylark-domx-velm.git#master",
        "skylark-langx": "git+https://github.com/skylarklangx/skylark-langx.git#master"
      }
    },
    "skylark-domx-query": {
      "version": "git+https://github.com/skylark-domx/skylark-domx-query.git#448995be0d64b5152827ac49aebdc70d5568ec2c",
      "from": "git+https://github.com/skylark-domx/skylark-domx-query.git#master",
      "requires": {
        "skylark-domx-browser": "git+https://github.com/skylark-domx/skylark-domx-browser.git#master",
        "skylark-domx-data": "git+https://github.com/skylark-domx/skylark-domx-data.git#master",
        "skylark-domx-eventer": "git+https://github.com/skylark-domx/skylark-domx-eventer.git#master",
        "skylark-domx-finder": "git+https://github.com/skylark-domx/skylark-domx-finder.git#master",
        "skylark-domx-fx": "git+https://github.com/skylark-domx/skylark-domx-fx.git#master",
        "skylark-domx-geom": "git+https://github.com/skylark-domx/skylark-domx-geom.git#master",
        "skylark-domx-noder": "git+https://github.com/skylark-domx/skylark-domx-noder.git#master",
        "skylark-domx-scripter": "git+https://github.com/skylark-domx/skylark-domx-scripter.git#master",
        "skylark-domx-styler": "git+https://github.com/skylark-domx/skylark-domx-styler.git#master",
        "skylark-langx": "git+https://github.com/skylarklangx/skylark-langx.git#master"
      }
    },
    "skylark-domx-scripter": {
      "version": "git+https://github.com/skylark-domx/skylark-domx-scripter.git#4893bdcea15bf554a596e13476014de8da003c9c",
      "from": "git+https://github.com/skylark-domx/skylark-domx-scripter.git#master",
      "requires": {
        "skylark-domx-finder": "git+https://github.com/skylark-domx/skylark-domx-finder.git#master",
        "skylark-domx-noder": "git+https://github.com/skylark-domx/skylark-domx-noder.git#master",
        "skylark-langx": "git+https://github.com/skylarklangx/skylark-langx.git#master"
      }
    },
    "skylark-domx-styler": {
      "version": "git+https://github.com/skylark-domx/skylark-domx-styler.git#9ab085ad205aa801bf6ed9007ac54c50e268f63d",
      "from": "git+https://github.com/skylark-domx/skylark-domx-styler.git#master",
      "requires": {
        "skylark-langx": "git+https://github.com/skylarklangx/skylark-langx.git#master"
      }
    },
    "skylark-domx-tables": {
      "version": "git+https://github.com/skylark-domx/skylark-domx-tables.git#4b2fa463631421bb4e9a2846a48135af4f71fc5a",
      "from": "git+https://github.com/skylark-domx/skylark-domx-tables.git#master",
      "requires": {
        "skylark-domx-query": "git+https://github.com/skylark-domx/skylark-domx-query.git#master",
        "skylark-langx": "git+https://github.com/skylarklangx/skylark-langx.git#master"
      }
    },
    "skylark-domx-transforms": {
      "version": "git+https://github.com/skylark-domx/skylark-domx-transforms.git#b6e9d47a018251bf051a4ae5419685d66766590c",
      "from": "git+https://github.com/skylark-domx/skylark-domx-transforms.git#master",
      "requires": {
        "skylark-domx-browser": "git+https://github.com/skylark-domx/skylark-domx-browser.git#master",
        "skylark-domx-data": "git+https://github.com/skylark-domx/skylark-domx-data.git#master",
        "skylark-domx-noder": "git+https://github.com/skylark-domx/skylark-domx-noder.git#master",
        "skylark-langx": "git+https://github.com/skylarklangx/skylark-langx.git#master"
      }
    },
    "skylark-domx-velm": {
      "version": "git+https://github.com/skylark-domx/skylark-domx-velm.git#c02796b853825d11a9f9df7ae0e0d9aabeac463e",
      "from": "git+https://github.com/skylark-domx/skylark-domx-velm.git#master",
      "requires": {
        "skylark-domx-data": "git+https://github.com/skylark-domx/skylark-domx-data.git#master",
        "skylark-domx-eventer": "git+https://github.com/skylark-domx/skylark-domx-eventer.git#master",
        "skylark-domx-finder": "git+https://github.com/skylark-domx/skylark-domx-finder.git#master",
        "skylark-domx-fx": "git+https://github.com/skylark-domx/skylark-domx-fx.git#master",
        "skylark-domx-geom": "git+https://github.com/skylark-domx/skylark-domx-geom.git#master",
        "skylark-domx-noder": "git+https://github.com/skylark-domx/skylark-domx-noder.git#master",
        "skylark-domx-query": "git+https://github.com/skylark-domx/skylark-domx-query.git#master",
        "skylark-domx-styler": "git+https://github.com/skylark-domx/skylark-domx-styler.git#master",
        "skylark-langx": "git+https://github.com/skylarklangx/skylark-langx.git#master"
      }
    },
    "skylark-langx": {
      "version": "git+https://github.com/skylarklangx/skylark-langx.git#f0ffc3dd1a68011083e165a0198a045b022eb3e3",
      "from": "git+https://github.com/skylarklangx/skylark-langx.git#master",
      "requires": {
        "skylark-langx-arrays": "git+https://github.com/skylarklangx/skylark-langx-arrays.git#master",
        "skylark-langx-aspect": "git+https://github.com/skylarklangx/skylark-langx-aspect.git#master",
        "skylark-langx-async": "git+https://github.com/skylarklangx/skylark-langx-async.git#master",
        "skylark-langx-datetimes": "git+https://github.com/skylarklangx/skylark-langx-datetimes.git#master",
        "skylark-langx-emitter": "git+https://github.com/skylarklangx/skylark-langx-emitter.git#master",
        "skylark-langx-funcs": "git+https://github.com/skylarklangx/skylark-langx-funcs.git#master",
        "skylark-langx-hoster": "git+https://github.com/skylarklangx/skylark-langx-hoster.git#master",
        "skylark-langx-klass": "git+https://github.com/skylarklangx/skylark-langx-klass.git#master",
        "skylark-langx-ns": "git+https://github.com/skylarklangx/skylark-langx-ns.git#master",
        "skylark-langx-numbers": "git+https://github.com/skylarklangx/skylark-langx-numbers.git#master",
        "skylark-langx-objects": "git+https://github.com/skylarklangx/skylark-langx-objects.git#master",
        "skylark-langx-strings": "git+https://github.com/skylarklangx/skylark-langx-strings.git#master",
        "skylark-langx-topic": "git+https://github.com/skylarklangx/skylark-langx-topic.git#master",
        "skylark-langx-types": "git+https://github.com/skylarklangx/skylark-langx-types.git#master",
        "skylark-langx-xhr": "git+https://github.com/skylarklangx/skylark-langx-xhr.git#master"
      }
    },
    "skylark-langx-arrays": {
      "version": "git+https://github.com/skylarklangx/skylark-langx-arrays.git#2fed96ebee74948c38bae070f087cde585905ad8",
      "from": "git+https://github.com/skylarklangx/skylark-langx-arrays.git#master",
      "requires": {
        "skylark-langx-ns": "git+https://github.com/skylarklangx/skylark-langx-ns.git#master",
        "skylark-langx-objects": "git+https://github.com/skylarklangx/skylark-langx-objects.git#master",
        "skylark-langx-types": "git+https://github.com/skylarklangx/skylark-langx-types.git#master"
      }
    },
    "skylark-langx-aspect": {
      "version": "git+https://github.com/skylarklangx/skylark-langx-aspect.git#492bfe11ea812b043eee194bc026face9dffd16b",
      "from": "git+https://github.com/skylarklangx/skylark-langx-aspect.git#master",
      "requires": {
        "skylark-langx-ns": "git+https://github.com/skylarklangx/skylark-langx-ns.git#master"
      }
    },
    "skylark-langx-async": {
      "version": "git+https://github.com/skylarklangx/skylark-langx-async.git#1205f7015503f1cb4533ea6404c12650176f8594",
      "from": "git+https://github.com/skylarklangx/skylark-langx-async.git#master",
      "requires": {
        "skylark-langx-arrays": "git+https://github.com/skylarklangx/skylark-langx-arrays.git#master",
        "skylark-langx-funcs": "git+https://github.com/skylarklangx/skylark-langx-funcs.git#master",
        "skylark-langx-ns": "git+https://github.com/skylarklangx/skylark-langx-ns.git#master",
        "skylark-langx-objects": "git+https://github.com/skylarklangx/skylark-langx-objects.git#master",
        "skylark-langx-types": "git+https://github.com/skylarklangx/skylark-langx-types.git#master"
      }
    },
    "skylark-langx-datetimes": {
      "version": "git+https://github.com/skylarklangx/skylark-langx-datetimes.git#bf1f1609262f660736182f54982855f2ab06e0e3",
      "from": "git+https://github.com/skylarklangx/skylark-langx-datetimes.git#master",
      "requires": {
        "skylark-langx-ns": "git+https://github.com/skylarklangx/skylark-langx-ns.git#master"
      }
    },
    "skylark-langx-emitter": {
      "version": "git+https://github.com/skylarklangx/skylark-langx-emitter.git#4f620e03992103fe2b173d01c5dbf4d92a283cea",
      "from": "git+https://github.com/skylarklangx/skylark-langx-emitter.git#master",
      "requires": {
        "skylark-langx-arrays": "git+https://github.com/skylarklangx/skylark-langx-arrays.git#master",
        "skylark-langx-klass": "git+https://github.com/skylarklangx/skylark-langx-klass.git#master",
        "skylark-langx-ns": "git+https://github.com/skylarklangx/skylark-langx-ns.git#master",
        "skylark-langx-objects": "git+https://github.com/skylarklangx/skylark-langx-objects.git#master",
        "skylark-langx-types": "git+https://github.com/skylarklangx/skylark-langx-types.git#master"
      }
    },
    "skylark-langx-funcs": {
      "version": "git+https://github.com/skylarklangx/skylark-langx-funcs.git#ec4f0d5f4bcdb0096e4616f827e857f9ed94db9c",
      "from": "git+https://github.com/skylarklangx/skylark-langx-funcs.git#master",
      "requires": {
        "skylark-langx-ns": "git+https://github.com/skylarklangx/skylark-langx-ns.git#master",
        "skylark-langx-objects": "git+https://github.com/skylarklangx/skylark-langx-objects.git#master",
        "skylark-langx-types": "git+https://github.com/skylarklangx/skylark-langx-types.git#master"
      }
    },
    "skylark-langx-hoster": {
      "version": "git+https://github.com/skylarklangx/skylark-langx-hoster.git#b818d264b9f3f831e4d1a7f45e1e65d2ca8f80c6",
      "from": "git+https://github.com/skylarklangx/skylark-langx-hoster.git#master",
      "requires": {
        "skylark-langx-ns": "git+https://github.com/skylarklangx/skylark-langx-ns.git#master"
      }
    },
    "skylark-langx-klass": {
      "version": "git+https://github.com/skylarklangx/skylark-langx-klass.git#f820a94bbd903bfb299cadfb5121c6cd60ec8316",
      "from": "git+https://github.com/skylarklangx/skylark-langx-klass.git#master",
      "requires": {
        "skylark-langx-arrays": "git+https://github.com/skylarklangx/skylark-langx-arrays.git#master",
        "skylark-langx-ns": "git+https://github.com/skylarklangx/skylark-langx-ns.git#master",
        "skylark-langx-objects": "git+https://github.com/skylarklangx/skylark-langx-objects.git#master",
        "skylark-langx-types": "git+https://github.com/skylarklangx/skylark-langx-types.git#master"
      }
    },
    "skylark-langx-ns": {
      "version": "git+https://github.com/skylarklangx/skylark-langx-ns.git#a2c2d17dd695e6a11de77d82a0a050da8ffd2759",
      "from": "git+https://github.com/skylarklangx/skylark-langx-ns.git#master"
    },
    "skylark-langx-numbers": {
      "version": "git+https://github.com/skylarklangx/skylark-langx-numbers.git#5410d04bfa39b6f2723ac79f58716fc208c2dc1d",
      "from": "git+https://github.com/skylarklangx/skylark-langx-numbers.git#master",
      "requires": {
        "skylark-langx-ns": "git+https://github.com/skylarklangx/skylark-langx-ns.git#master",
        "skylark-langx-types": "git+https://github.com/skylarklangx/skylark-langx-types.git#master"
      }
    },
    "skylark-langx-objects": {
      "version": "git+https://github.com/skylarklangx/skylark-langx-objects.git#a6af0be463b42956673c204964569f2a3d861a26",
      "from": "git+https://github.com/skylarklangx/skylark-langx-objects.git#master",
      "requires": {
        "skylark-langx-ns": "git+https://github.com/skylarklangx/skylark-langx-ns.git#master",
        "skylark-langx-numbers": "git+https://github.com/skylarklangx/skylark-langx-numbers.git#master",
        "skylark-langx-types": "git+https://github.com/skylarklangx/skylark-langx-types.git#master"
      }
    },
    "skylark-langx-strings": {
      "version": "git+https://github.com/skylarklangx/skylark-langx-strings.git#6a00b361cf0b0d261406cfde17a69fb14d5d0ec4",
      "from": "git+https://github.com/skylarklangx/skylark-langx-strings.git#master",
      "requires": {
        "skylark-langx-ns": "git+https://github.com/skylarklangx/skylark-langx-ns.git#master"
      }
    },
    "skylark-langx-topic": {
      "version": "git+https://github.com/skylarklangx/skylark-langx-topic.git#9224acad06b7f48f3fc8ee21c640b36d811b7928",
      "from": "git+https://github.com/skylarklangx/skylark-langx-topic.git#master",
      "requires": {
        "skylark-langx-emitter": "git+https://github.com/skylarklangx/skylark-langx-emitter.git#master",
        "skylark-langx-ns": "git+https://github.com/skylarklangx/skylark-langx-ns.git#master"
      }
    },
    "skylark-langx-types": {
      "version": "git+https://github.com/skylarklangx/skylark-langx-types.git#ab15f0142fb03f40f4504745385108f172ab9d4b",
      "from": "git+https://github.com/skylarklangx/skylark-langx-types.git#master",
      "requires": {
        "skylark-langx-ns": "git+https://github.com/skylarklangx/skylark-langx-ns.git#master"
      }
    },
    "skylark-langx-xhr": {
      "version": "git+https://github.com/skylarklangx/skylark-langx-xhr.git#5b9ee5498b0507c59cf380e8e028f98d54898f1d",
      "from": "git+https://github.com/skylarklangx/skylark-langx-xhr.git#master",
      "requires": {
        "skylark-langx-arrays": "git+https://github.com/skylarklangx/skylark-langx-arrays.git#master",
        "skylark-langx-async": "git+https://github.com/skylarklangx/skylark-langx-async.git#master",
        "skylark-langx-emitter": "git+https://github.com/skylarklangx/skylark-langx-emitter.git#master",
        "skylark-langx-funcs": "git+https://github.com/skylarklangx/skylark-langx-funcs.git#master",
        "skylark-langx-ns": "git+https://github.com/skylarklangx/skylark-langx-ns.git#master",
        "skylark-langx-objects": "git+https://github.com/skylarklangx/skylark-langx-objects.git#master",
        "skylark-langx-types": "git+https://github.com/skylarklangx/skylark-langx-types.git#master"
      }
    },
    "skylark-storages-diskfs": {
      "version": "git+https://github.com/skylark-storages/skylark-storages-diskfs.git#36aa46682d8f9013cef0a9b523c289a31824d32e",
      "from": "git+https://github.com/skylark-storages/skylark-storages-diskfs.git#master",
      "requires": {
        "skylark-domx-eventer": "git+https://github.com/skylark-domx/skylark-domx-eventer.git#master",
        "skylark-domx-query": "git+https://github.com/skylark-domx/skylark-domx-query.git#master",
        "skylark-domx-styler": "git+https://github.com/skylark-domx/skylark-domx-styler.git#master",
        "skylark-langx": "git+https://github.com/skylarklangx/skylark-langx.git#master"
      }
    },
    "skylark-utils-dom": {
      "version": "git+https://github.com/skylarkutils/skylark-utils-dom.git#f8b2ef4093587bdd9b5d1dedee53d9e336088263",
      "from": "git+https://github.com/skylarkutils/skylark-utils-dom.git#master",
      "requires": {
        "skylark-domx-browser": "git+https://github.com/skylark-domx/skylark-domx-browser.git#master",
        "skylark-domx-css": "git+https://github.com/skylark-domx/skylark-domx-css.git#master",
        "skylark-domx-data": "git+https://github.com/skylark-domx/skylark-domx-data.git#master",
        "skylark-domx-eventer": "git+https://github.com/skylark-domx/skylark-domx-eventer.git#master",
        "skylark-domx-finder": "git+https://github.com/skylark-domx/skylark-domx-finder.git#master",
        "skylark-domx-fx": "git+https://github.com/skylark-domx/skylark-domx-fx.git#master",
        "skylark-domx-geom": "git+https://github.com/skylark-domx/skylark-domx-geom.git#master",
        "skylark-domx-images": "git+https://github.com/skylark-domx/skylark-domx-images.git#master",
        "skylark-domx-noder": "git+https://github.com/skylark-domx/skylark-domx-noder.git#master",
        "skylark-domx-plugins": "git+https://github.com/skylark-domx/skylark-domx-plugins.git#master",
        "skylark-domx-query": "git+https://github.com/skylark-domx/skylark-domx-query.git#master",
        "skylark-domx-scripter": "git+https://github.com/skylark-domx/skylark-domx-scripter.git#master",
        "skylark-domx-styler": "git+https://github.com/skylark-domx/skylark-domx-styler.git#master",
        "skylark-domx-tables": "git+https://github.com/skylark-domx/skylark-domx-tables.git#master",
        "skylark-domx-transforms": "git+https://github.com/skylark-domx/skylark-domx-transforms.git#master",
        "skylark-domx-velm": "git+https://github.com/skylark-domx/skylark-domx-velm.git#master",
        "skylark-langx": "git+https://github.com/skylarklangx/skylark-langx.git#master"
      }
    },
    "skylark-widgets-base": {
      "version": "git+https://github.com/skylark-widgets/skylark-widgets-base.git#046f8cfd03320e5e72ef09a35bee8ee7bbd58c20",
      "from": "git+https://github.com/skylark-widgets/skylark-widgets-base.git#master",
      "requires": {
        "skylark-data-collection": "git+https://github.com/skylark-data/skylark-data-collection.git#master",
        "skylark-domx-browser": "git+https://github.com/skylark-domx/skylark-domx-browser.git#master",
        "skylark-domx-data": "git+https://github.com/skylark-domx/skylark-domx-data.git#master",
        "skylark-domx-eventer": "git+https://github.com/skylark-domx/skylark-domx-eventer.git#master",
        "skylark-domx-geom": "git+https://github.com/skylark-domx/skylark-domx-geom.git#master",
        "skylark-domx-noder": "git+https://github.com/skylark-domx/skylark-domx-noder.git#master",
        "skylark-domx-plugins": "git+https://github.com/skylark-domx/skylark-domx-plugins.git#master",
        "skylark-domx-query": "git+https://github.com/skylark-domx/skylark-domx-query.git#master",
        "skylark-domx-velm": "git+https://github.com/skylark-domx/skylark-domx-velm.git#master",
        "skylark-langx": "git+https://github.com/skylarklangx/skylark-langx.git#master"
      }
    },
    "skylark-widgets-swt": {
      "version": "git+https://github.com/skylark-widgets/skylark-widgets-swt.git#fe64cbbe786ab390e8082e6cc9f921ee071f977c",
      "from": "git+https://github.com/skylark-widgets/skylark-widgets-swt.git#master",
      "requires": {
        "skylark-bootstrap3": "git+https://github.com/skylark-integration/skylark-bootstrap3.git#master",
        "skylark-data-collection": "git+https://github.com/skylark-data/skylark-data-collection.git#master",
        "skylark-domx-browser": "git+https://github.com/skylark-domx/skylark-domx-browser.git#master",
        "skylark-domx-eventer": "git+https://github.com/skylark-domx/skylark-domx-eventer.git#master",
        "skylark-domx-geom": "git+https://github.com/skylark-domx/skylark-domx-geom.git#master",
        "skylark-domx-noder": "git+https://github.com/skylark-domx/skylark-domx-noder.git#master",
        "skylark-domx-query": "git+https://github.com/skylark-domx/skylark-domx-query.git#master",
        "skylark-langx": "git+https://github.com/skylarklangx/skylark-langx.git#master",
        "skylark-storages-diskfs": "git+https://github.com/skylark-storages/skylark-storages-diskfs.git#master",
        "skylark-widgets-base": "git+https://github.com/skylark-widgets/skylark-widgets-base.git#master"
      }
    }
  }
}
