{
  "name": "skylark-ui-repeater",
  "version": "0.9.0",
  "lockfileVersion": 1,
  "requires": true,
  "dependencies": {
    "skylark-bootstrap3": {
      "version": "git+https://github.com/skylark-integration/skylark-bootstrap3.git#154fed48294f0d192090384afdce205585b057e7",
      "from": "git+https://github.com/skylark-integration/skylark-bootstrap3.git#master",
      "dev": true,
      "requires": {
        "skylark-langx": "git+https://github.com/skylarklangx/skylark-langx.git#master",
        "skylark-utils-dom": "git+https://github.com/skylarkutils/skylark-utils-dom.git#master"
      }
    },
    "skylark-fuelux": {
      "version": "git+https://github.com/skylark-integration/skylark-fuelux.git#ca115a1c59e655f5bbfbff75bfe7aed3d74db2b0",
      "from": "git+https://github.com/skylark-integration/skylark-fuelux.git#master",
      "dev": true,
      "requires": {
        "skylark-bootstrap3": "git+https://github.com/skylarkui/skylark-bootstrap3.git#master",
        "skylark-langx": "git+https://github.com/skylarklangx/skylark-langx.git#master",
        "skylark-utils-dom": "git+https://github.com/skylarkutils/skylark-utils-dom.git#master"
      },
      "dependencies": {
        "skylark-bootstrap3": {
          "version": "git+https://github.com/skylarkui/skylark-bootstrap3.git#154fed48294f0d192090384afdce205585b057e7",
          "from": "git+https://github.com/skylarkui/skylark-bootstrap3.git#master",
          "dev": true,
          "requires": {
            "skylark-langx": "git+https://github.com/skylarklangx/skylark-langx.git#master",
            "skylark-utils-dom": "git+https://github.com/skylarkutils/skylark-utils-dom.git#master"
          }
        }
      }
    },
    "skylark-langx": {
      "version": "git+https://github.com/skylarklangx/skylark-langx.git#b1a898f370861d1f09104d91e202c7154bf85ea5",
      "from": "git+https://github.com/skylarklangx/skylark-langx.git#master",
      "dev": true
    },
    "skylark-utils-dom": {
      "version": "git+https://github.com/skylarkutils/skylark-utils-dom.git#91d78a8264e0a518aa9dded94ae9803b26259054",
      "from": "git+https://github.com/skylarkutils/skylark-utils-dom.git#master",
      "dev": true,
      "requires": {
        "skylark-langx": "git+https://github.com/skylarklangx/skylark-langx.git#master"
      }
    }
  }
}
