{
  "name": "skylark-ui-repeater",
  "version": "0.9.0",
  "lockfileVersion": 1,
  "requires": true,
  "dependencies": {
    "skylark-bootstrap3": {
      "version": "git+https://github.com/skylark-integration/skylark-bootstrap3.git#154fed48294f0d192090384afdce205585b057e7",
      "from": "git+https://github.com/skylark-integration/skylark-bootstrap3.git#master",
      "dev": true,
      "requires": {
        "skylark-langx": "git+https://github.com/skylarklangx/skylark-langx.git#master",
        "skylark-utils-dom": "git+https://github.com/skylarkutils/skylark-utils-dom.git#master"
      }
    },
    "skylark-fuelux": {
      "version": "git+https://github.com/skylark-integration/skylark-fuelux.git#ca115a1c59e655f5bbfbff75bfe7aed3d74db2b0",
      "from": "git+https://github.com/skylark-integration/skylark-fuelux.git#master",
      "dev": true,
      "requires": {
        "skylark-bootstrap3": "git+https://github.com/skylarkui/skylark-bootstrap3.git#master",
        "skylark-langx": "git+https://github.com/skylarklangx/skylark-langx.git#master",
        "skylark-utils-dom": "git+https://github.com/skylarkutils/skylark-utils-dom.git#master"
      },
      "dependencies": {
        "skylark-bootstrap3": {
          "version": "git+https://github.com/skylarkui/skylark-bootstrap3.git#154fed48294f0d192090384afdce205585b057e7",
          "from": "git+https://github.com/skylarkui/skylark-bootstrap3.git#master",
          "dev": true,
          "requires": {
            "skylark-langx": "git+https://github.com/skylarklangx/skylark-langx.git#master",
            "skylark-utils-dom": "git+https://github.com/skylarkutils/skylark-utils-dom.git#master"
          }
        }
      }
    },
    "skylark-langx": {
      "version": "git+https://github.com/skylarklangx/skylark-langx.git#409b7ec759480a29a8b995fe18191b86a9dbcf4a",
      "from": "git+https://github.com/skylarklangx/skylark-langx.git#master",
      "dev": true
    },
    "skylark-ui-swt": {
      "version": "git+https://github.com/skylarkui/skylark-ui-swt.git#6ade4f74d65bb507c1647f51ef0f62f1dc0c49bd",
      "from": "git+https://github.com/skylarkui/skylark-ui-swt.git#master",
      "dev": true,
      "requires": {
        "skylark-bootstrap3": "git+https://github.com/skylarkui/skylark-bootstrap3.git#master",
        "skylark-langx": "git+https://github.com/skylarklangx/skylark-langx.git#master",
        "skylark-utils-collection": "git+https://github.com/skylarkutils/skylark-utils-collection.git#master",
        "skylark-utils-dom": "git+https://github.com/skylarkutils/skylark-utils-dom.git#master",
        "skylark-utils-filer": "git+https://github.com/skylarkutils/skylark-utils-filer.git#master"
      },
      "dependencies": {
        "skylark-bootstrap3": {
          "version": "git+https://github.com/skylarkui/skylark-bootstrap3.git#154fed48294f0d192090384afdce205585b057e7",
          "from": "git+https://github.com/skylarkui/skylark-bootstrap3.git#master",
          "dev": true,
          "requires": {
            "skylark-langx": "git+https://github.com/skylarklangx/skylark-langx.git#master",
            "skylark-utils-dom": "git+https://github.com/skylarkutils/skylark-utils-dom.git#master"
          }
        }
      }
    },
    "skylark-utils-collection": {
      "version": "git+https://github.com/skylarkutils/skylark-utils-collection.git#348ecea00a89cd7cf86b751fbc6bcc616821b6de",
      "from": "git+https://github.com/skylarkutils/skylark-utils-collection.git#master",
      "dev": true
    },
    "skylark-utils-dom": {
      "version": "git+https://github.com/skylarkutils/skylark-utils-dom.git#33e222d343f6cb5fa16cdfe72f1c66a8f05cd356",
      "from": "git+https://github.com/skylarkutils/skylark-utils-dom.git#master",
      "dev": true,
      "requires": {
        "skylark-langx": "git+https://github.com/skylarklangx/skylark-langx.git#master"
      }
    },
    "skylark-utils-filer": {
      "version": "git+https://github.com/skylarkutils/skylark-utils-filer.git#531f699bd8cd0284626a3ce1b79fdf5e12eea2c3",
      "from": "git+https://github.com/skylarkutils/skylark-utils-filer.git#master",
      "dev": true
    }
  }
}
